// !$*UTF8*$!
{
	archiveVersion = 1;
	classes = {
	};
	objectVersion = 50;
	objects = {

/* Begin PBXBuildFile section */
		57418BD826C60433003132BB /* HabitApp.swift in Sources */ = {isa = PBXBuildFile; fileRef = 57418BD726C60433003132BB /* HabitApp.swift */; };
		57418BDA26C60433003132BB /* ContentView.swift in Sources */ = {isa = PBXBuildFile; fileRef = 57418BD926C60433003132BB /* ContentView.swift */; };
		57418BDC26C60435003132BB /* Assets.xcassets in Resources */ = {isa = PBXBuildFile; fileRef = 57418BDB26C60435003132BB /* Assets.xcassets */; };
		57418BDF26C60435003132BB /* Preview Assets.xcassets in Resources */ = {isa = PBXBuildFile; fileRef = 57418BDE26C60435003132BB /* Preview Assets.xcassets */; };
		57418BE126C60435003132BB /* Persistence.swift in Sources */ = {isa = PBXBuildFile; fileRef = 57418BE026C60435003132BB /* Persistence.swift */; };
		57418BE426C60435003132BB /* Habit.xcdatamodeld in Sources */ = {isa = PBXBuildFile; fileRef = 57418BE226C60435003132BB /* Habit.xcdatamodeld */; };
		57418BEE26C61B53003132BB /* AddPlanView.swift in Sources */ = {isa = PBXBuildFile; fileRef = 57418BED26C61B53003132BB /* AddPlanView.swift */; };
		57418BF226C61F95003132BB /* AwardUIView.swift in Sources */ = {isa = PBXBuildFile; fileRef = 57418BF126C61F95003132BB /* AwardUIView.swift */; };
		57418BF526C61FAB003132BB /* PlanUIView.swift in Sources */ = {isa = PBXBuildFile; fileRef = 57418BF426C61FAB003132BB /* PlanUIView.swift */; };
		57418BF826C63405003132BB /* AddAwardView.swift in Sources */ = {isa = PBXBuildFile; fileRef = 57418BF726C63405003132BB /* AddAwardView.swift */; };
		57418BFB26C642A9003132BB /* IconStyleUIView.swift in Sources */ = {isa = PBXBuildFile; fileRef = 57418BFA26C642A9003132BB /* IconStyleUIView.swift */; };
/* End PBXBuildFile section */

/* Begin PBXFileReference section */
		57418BD426C60433003132BB /* Habit.app */ = {isa = PBXFileReference; explicitFileType = wrapper.application; includeInIndex = 0; path = Habit.app; sourceTree = BUILT_PRODUCTS_DIR; };
		57418BD726C60433003132BB /* HabitApp.swift */ = {isa = PBXFileReference; lastKnownFileType = sourcecode.swift; path = HabitApp.swift; sourceTree = "<group>"; };
		57418BD926C60433003132BB /* ContentView.swift */ = {isa = PBXFileReference; lastKnownFileType = sourcecode.swift; path = ContentView.swift; sourceTree = "<group>"; };
		57418BDB26C60435003132BB /* Assets.xcassets */ = {isa = PBXFileReference; lastKnownFileType = folder.assetcatalog; path = Assets.xcassets; sourceTree = "<group>"; };
		57418BDE26C60435003132BB /* Preview Assets.xcassets */ = {isa = PBXFileReference; lastKnownFileType = folder.assetcatalog; path = "Preview Assets.xcassets"; sourceTree = "<group>"; };
		57418BE026C60435003132BB /* Persistence.swift */ = {isa = PBXFileReference; lastKnownFileType = sourcecode.swift; path = Persistence.swift; sourceTree = "<group>"; };
		57418BE326C60435003132BB /* Habit.xcdatamodel */ = {isa = PBXFileReference; lastKnownFileType = wrapper.xcdatamodel; path = Habit.xcdatamodel; sourceTree = "<group>"; };
		57418BE526C60435003132BB /* Info.plist */ = {isa = PBXFileReference; lastKnownFileType = text.plist.xml; path = Info.plist; sourceTree = "<group>"; };
		57418BED26C61B53003132BB /* AddPlanView.swift */ = {isa = PBXFileReference; lastKnownFileType = sourcecode.swift; path = AddPlanView.swift; sourceTree = "<group>"; };
		57418BF126C61F95003132BB /* AwardUIView.swift */ = {isa = PBXFileReference; lastKnownFileType = sourcecode.swift; path = AwardUIView.swift; sourceTree = "<group>"; };
		57418BF426C61FAB003132BB /* PlanUIView.swift */ = {isa = PBXFileReference; lastKnownFileType = sourcecode.swift; path = PlanUIView.swift; sourceTree = "<group>"; };
		57418BF726C63405003132BB /* AddAwardView.swift */ = {isa = PBXFileReference; lastKnownFileType = sourcecode.swift; path = AddAwardView.swift; sourceTree = "<group>"; };
		57418BFA26C642A9003132BB /* IconStyleUIView.swift */ = {isa = PBXFileReference; lastKnownFileType = sourcecode.swift; path = IconStyleUIView.swift; sourceTree = "<group>"; };
/* End PBXFileReference section */

/* Begin PBXFrameworksBuildPhase section */
		57418BD126C60433003132BB /* Frameworks */ = {
			isa = PBXFrameworksBuildPhase;
			buildActionMask = 2147483647;
			files = (
			);
			runOnlyForDeploymentPostprocessing = 0;
		};
/* End PBXFrameworksBuildPhase section */

/* Begin PBXGroup section */
		57418BCB26C60433003132BB = {
			isa = PBXGroup;
			children = (
				57418BD626C60433003132BB /* Habit */,
				57418BD526C60433003132BB /* Products */,
			);
			sourceTree = "<group>";
		};
		57418BD526C60433003132BB /* Products */ = {
			isa = PBXGroup;
			children = (
				57418BD426C60433003132BB /* Habit.app */,
			);
			name = Products;
			sourceTree = "<group>";
		};
		57418BD626C60433003132BB /* Habit */ = {
			isa = PBXGroup;
			children = (
				57418BD726C60433003132BB /* HabitApp.swift */,
				57418BD926C60433003132BB /* ContentView.swift */,
				57418BF426C61FAB003132BB /* PlanUIView.swift */,
				57418BED26C61B53003132BB /* AddPlanView.swift */,
				57418BFA26C642A9003132BB /* IconStyleUIView.swift */,
				57418BF126C61F95003132BB /* AwardUIView.swift */,
				57418BF726C63405003132BB /* AddAwardView.swift */,
				57418BDB26C60435003132BB /* Assets.xcassets */,
				57418BE026C60435003132BB /* Persistence.swift */,
				57418BE526C60435003132BB /* Info.plist */,
				57418BE226C60435003132BB /* Habit.xcdatamodeld */,
				57418BDD26C60435003132BB /* Preview Content */,
			);
			path = Habit;
			sourceTree = "<group>";
		};
		57418BDD26C60435003132BB /* Preview Content */ = {
			isa = PBXGroup;
			children = (
				57418BDE26C60435003132BB /* Preview Assets.xcassets */,
			);
			path = "Preview Content";
			sourceTree = "<group>";
		};
/* End PBXGroup section */

/* Begin PBXNativeTarget section */
		57418BD326C60433003132BB /* Habit */ = {
			isa = PBXNativeTarget;
			buildConfigurationList = 57418BE826C60435003132BB /* Build configuration list for PBXNativeTarget "Habit" */;
			buildPhases = (
				57418BD026C60433003132BB /* Sources */,
				57418BD126C60433003132BB /* Frameworks */,
				57418BD226C60433003132BB /* Resources */,
			);
			buildRules = (
			);
			dependencies = (
			);
			name = Habit;
			productName = Habit;
			productReference = 57418BD426C60433003132BB /* Habit.app */;
			productType = "com.apple.product-type.application";
		};
/* End PBXNativeTarget section */

/* Begin PBXProject section */
		57418BCC26C60433003132BB /* Project object */ = {
			isa = PBXProject;
			attributes = {
				LastSwiftUpdateCheck = 1230;
				LastUpgradeCheck = 1230;
				TargetAttributes = {
					57418BD326C60433003132BB = {
						CreatedOnToolsVersion = 12.3;
					};
				};
			};
			buildConfigurationList = 57418BCF26C60433003132BB /* Build configuration list for PBXProject "Habit" */;
			compatibilityVersion = "Xcode 9.3";
			developmentRegion = en;
			hasScannedForEncodings = 0;
			knownRegions = (
				en,
				Base,
			);
			mainGroup = 57418BCB26C60433003132BB;
			productRefGroup = 57418BD526C60433003132BB /* Products */;
			projectDirPath = "";
			projectRoot = "";
			targets = (
				57418BD326C60433003132BB /* Habit */,
			);
		};
/* End PBXProject section */

/* Begin PBXResourcesBuildPhase section */
		57418BD226C60433003132BB /* Resources */ = {
			isa = PBXResourcesBuildPhase;
			buildActionMask = 2147483647;
			files = (
				57418BDF26C60435003132BB /* Preview Assets.xcassets in Resources */,
				57418BDC26C60435003132BB /* Assets.xcassets in Resources */,
			);
			runOnlyForDeploymentPostprocessing = 0;
		};
/* End PBXResourcesBuildPhase section */

/* Begin PBXSourcesBuildPhase section */
		57418BD026C60433003132BB /* Sources */ = {
			isa = PBXSourcesBuildPhase;
			buildActionMask = 2147483647;
			files = (
				57418BF826C63405003132BB /* AddAwardView.swift in Sources */,
				57418BF226C61F95003132BB /* AwardUIView.swift in Sources */,
				57418BEE26C61B53003132BB /* AddPlanView.swift in Sources */,
				57418BE126C60435003132BB /* Persistence.swift in Sources */,
				57418BDA26C60433003132BB /* ContentView.swift in Sources */,
				57418BF526C61FAB003132BB /* PlanUIView.swift in Sources */,
				57418BFB26C642A9003132BB /* IconStyleUIView.swift in Sources */,
				57418BE426C60435003132BB /* Habit.xcdatamodeld in Sources */,
				57418BD826C60433003132BB /* HabitApp.swift in Sources */,
			);
			runOnlyForDeploymentPostprocessing = 0;
		};
/* End PBXSourcesBuildPhase section */

/* Begin XCBuildConfiguration section */
		57418BE626C60435003132BB /* Debug */ = {
			isa = XCBuildConfiguration;
			buildSettings = {
				ALWAYS_SEARCH_USER_PATHS = NO;
				CLANG_ANALYZER_NONNULL = YES;
				CLANG_ANALYZER_NUMBER_OBJECT_CONVERSION = YES_AGGRESSIVE;
				CLANG_CXX_LANGUAGE_STANDARD = "gnu++14";
				CLANG_CXX_LIBRARY = "libc++";
				CLANG_ENABLE_MODULES = YES;
				CLANG_ENABLE_OBJC_ARC = YES;
				CLANG_ENABLE_OBJC_WEAK = YES;
				CLANG_WARN_BLOCK_CAPTURE_AUTORELEASING = YES;
				CLANG_WARN_BOOL_CONVERSION = YES;
				CLANG_WARN_COMMA = YES;
				CLANG_WARN_CONSTANT_CONVERSION = YES;
				CLANG_WARN_DEPRECATED_OBJC_IMPLEMENTATIONS = YES;
				CLANG_WARN_DIRECT_OBJC_ISA_USAGE = YES_ERROR;
				CLANG_WARN_DOCUMENTATION_COMMENTS = YES;
				CLANG_WARN_EMPTY_BODY = YES;
				CLANG_WARN_ENUM_CONVERSION = YES;
				CLANG_WARN_INFINITE_RECURSION = YES;
				CLANG_WARN_INT_CONVERSION = YES;
				CLANG_WARN_NON_LITERAL_NULL_CONVERSION = YES;
				CLANG_WARN_OBJC_IMPLICIT_RETAIN_SELF = YES;
				CLANG_WARN_OBJC_LITERAL_CONVERSION = YES;
				CLANG_WARN_OBJC_ROOT_CLASS = YES_ERROR;
				CLANG_WARN_QUOTED_INCLUDE_IN_FRAMEWORK_HEADER = YES;
				CLANG_WARN_RANGE_LOOP_ANALYSIS = YES;
				CLANG_WARN_STRICT_PROTOTYPES = YES;
				CLANG_WARN_SUSPICIOUS_MOVE = YES;
				CLANG_WARN_UNGUARDED_AVAILABILITY = YES_AGGRESSIVE;
				CLANG_WARN_UNREACHABLE_CODE = YES;
				CLANG_WARN__DUPLICATE_METHOD_MATCH = YES;
				COPY_PHASE_STRIP = NO;
				DEBUG_INFORMATION_FORMAT = dwarf;
				ENABLE_STRICT_OBJC_MSGSEND = YES;
				ENABLE_TESTABILITY = YES;
				GCC_C_LANGUAGE_STANDARD = gnu11;
				GCC_DYNAMIC_NO_PIC = NO;
				GCC_NO_COMMON_BLOCKS = YES;
				GCC_OPTIMIZATION_LEVEL = 0;
				GCC_PREPROCESSOR_DEFINITIONS = (
					"DEBUG=1",
					"$(inherited)",
				);
				GCC_WARN_64_TO_32_BIT_CONVERSION = YES;
				GCC_WARN_ABOUT_RETURN_TYPE = YES_ERROR;
				GCC_WARN_UNDECLARED_SELECTOR = YES;
				GCC_WARN_UNINITIALIZED_AUTOS = YES_AGGRESSIVE;
				GCC_WARN_UNUSED_FUNCTION = YES;
				GCC_WARN_UNUSED_VARIABLE = YES;
				IPHONEOS_DEPLOYMENT_TARGET = 14.3;
				MTL_ENABLE_DEBUG_INFO = INCLUDE_SOURCE;
				MTL_FAST_MATH = YES;
				ONLY_ACTIVE_ARCH = YES;
				SDKROOT = iphoneos;
				SWIFT_ACTIVE_COMPILATION_CONDITIONS = DEBUG;
				SWIFT_OPTIMIZATION_LEVEL = "-Onone";
			};
			name = Debug;
		};
		57418BE726C60435003132BB /* Release */ = {
			isa = XCBuildConfiguration;
			buildSettings = {
				ALWAYS_SEARCH_USER_PATHS = NO;
				CLANG_ANALYZER_NONNULL = YES;
				CLANG_ANALYZER_NUMBER_OBJECT_CONVERSION = YES_AGGRESSIVE;
				CLANG_CXX_LANGUAGE_STANDARD = "gnu++14";
				CLANG_CXX_LIBRARY = "libc++";
				CLANG_ENABLE_MODULES = YES;
				CLANG_ENABLE_OBJC_ARC = YES;
				CLANG_ENABLE_OBJC_WEAK = YES;
				CLANG_WARN_BLOCK_CAPTURE_AUTORELEASING = YES;
				CLANG_WARN_BOOL_CONVERSION = YES;
				CLANG_WARN_COMMA = YES;
				CLANG_WARN_CONSTANT_CONVERSION = YES;
				CLANG_WARN_DEPRECATED_OBJC_IMPLEMENTATIONS = YES;
				CLANG_WARN_DIRECT_OBJC_ISA_USAGE = YES_ERROR;
				CLANG_WARN_DOCUMENTATION_COMMENTS = YES;
				CLANG_WARN_EMPTY_BODY = YES;
				CLANG_WARN_ENUM_CONVERSION = YES;
				CLANG_WARN_INFINITE_RECURSION = YES;
				CLANG_WARN_INT_CONVERSION = YES;
				CLANG_WARN_NON_LITERAL_NULL_CONVERSION = YES;
				CLANG_WARN_OBJC_IMPLICIT_RETAIN_SELF = YES;
				CLANG_WARN_OBJC_LITERAL_CONVERSION = YES;
				CLANG_WARN_OBJC_ROOT_CLASS = YES_ERROR;
				CLANG_WARN_QUOTED_INCLUDE_IN_FRAMEWORK_HEADER = YES;
				CLANG_WARN_RANGE_LOOP_ANALYSIS = YES;
				CLANG_WARN_STRICT_PROTOTYPES = YES;
				CLANG_WARN_SUSPICIOUS_MOVE = YES;
				CLANG_WARN_UNGUARDED_AVAILABILITY = YES_AGGRESSIVE;
				CLANG_WARN_UNREACHABLE_CODE = YES;
				CLANG_WARN__DUPLICATE_METHOD_MATCH = YES;
				COPY_PHASE_STRIP = NO;
				DEBUG_INFORMATION_FORMAT = "dwarf-with-dsym";
				ENABLE_NS_ASSERTIONS = NO;
				ENABLE_STRICT_OBJC_MSGSEND = YES;
				GCC_C_LANGUAGE_STANDARD = gnu11;
				GCC_NO_COMMON_BLOCKS = YES;
				GCC_WARN_64_TO_32_BIT_CONVERSION = YES;
				GCC_WARN_ABOUT_RETURN_TYPE = YES_ERROR;
				GCC_WARN_UNDECLARED_SELECTOR = YES;
				GCC_WARN_UNINITIALIZED_AUTOS = YES_AGGRESSIVE;
				GCC_WARN_UNUSED_FUNCTION = YES;
				GCC_WARN_UNUSED_VARIABLE = YES;
				IPHONEOS_DEPLOYMENT_TARGET = 14.3;
				MTL_ENABLE_DEBUG_INFO = NO;
				MTL_FAST_MATH = YES;
				SDKROOT = iphoneos;
				SWIFT_COMPILATION_MODE = wholemodule;
				SWIFT_OPTIMIZATION_LEVEL = "-O";
				VALIDATE_PRODUCT = YES;
			};
			name = Release;
		};
		57418BE926C60435003132BB /* Debug */ = {
			isa = XCBuildConfiguration;
			buildSettings = {
				ASSETCATALOG_COMPILER_APPICON_NAME = AppIcon;
				ASSETCATALOG_COMPILER_GLOBAL_ACCENT_COLOR_NAME = AccentColor;
				CODE_SIGN_STYLE = Automatic;
				DEVELOPMENT_ASSET_PATHS = "\"Habit/Preview Content\"";
				ENABLE_PREVIEWS = YES;
				INFOPLIST_FILE = Habit/Info.plist;
				IPHONEOS_DEPLOYMENT_TARGET = 14.0;
				LD_RUNPATH_SEARCH_PATHS = (
					"$(inherited)",
					"@executable_path/Frameworks",
				);
				PRODUCT_BUNDLE_IDENTIFIER = coredata.Habit;
				PRODUCT_NAME = "$(TARGET_NAME)";
				SWIFT_VERSION = 5.0;
				TARGETED_DEVICE_FAMILY = "1,2";
			};
			name = Debug;
		};
		57418BEA26C60435003132BB /* Release */ = {
			isa = XCBuildConfiguration;
			buildSettings = {
				ASSETCATALOG_COMPILER_APPICON_NAME = AppIcon;
				ASSETCATALOG_COMPILER_GLOBAL_ACCENT_COLOR_NAME = AccentColor;
				CODE_SIGN_STYLE = Automatic;
				DEVELOPMENT_ASSET_PATHS = "\"Habit/Preview Content\"";
				ENABLE_PREVIEWS = YES;
				INFOPLIST_FILE = Habit/Info.plist;
				IPHONEOS_DEPLOYMENT_TARGET = 14.0;
				LD_RUNPATH_SEARCH_PATHS = (
					"$(inherited)",
					"@executable_path/Frameworks",
				);
				PRODUCT_BUNDLE_IDENTIFIER = coredata.Habit;
				PRODUCT_NAME = "$(TARGET_NAME)";
				SWIFT_VERSION = 5.0;
				TARGETED_DEVICE_FAMILY = "1,2";
			};
			name = Release;
		};
/* End XCBuildConfiguration section */

/* Begin XCConfigurationList section */
		57418BCF26C60433003132BB /* Build configuration list for PBXProject "Habit" */ = {
			isa = XCConfigurationList;
			buildConfigurations = (
				57418BE626C60435003132BB /* Debug */,
				57418BE726C60435003132BB /* Release */,
			);
			defaultConfigurationIsVisible = 0;
			defaultConfigurationName = Release;
		};
		57418BE826C60435003132BB /* Build configuration list for PBXNativeTarget "Habit" */ = {
			isa = XCConfigurationList;
			buildConfigurations = (
				57418BE926C60435003132BB /* Debug */,
				57418BEA26C60435003132BB /* Release */,
			);
			defaultConfigurationIsVisible = 0;
			defaultConfigurationName = Release;
		};
/* End XCConfigurationList section */

/* Begin XCVersionGroup section */
		57418BE226C60435003132BB /* Habit.xcdatamodeld */ = {
			isa = XCVersionGroup;
			children = (
				57418BE326C60435003132BB /* Habit.xcdatamodel */,
			);
			currentVersion = 57418BE326C60435003132BB /* Habit.xcdatamodel */;
			path = Habit.xcdatamodeld;
			sourceTree = "<group>";
			versionGroupType = wrapper.xcdatamodel;
		};
/* End XCVersionGroup section */
	};
	rootObject = 57418BCC26C60433003132BB /* Project object */;
}
